// !$*UTF8*$!
{
	archiveVersion = 1;
	classes = {
	};
	objectVersion = 46;
	objects = {

/* Begin PBXBuildFile section */
		64BCB3EF1D0F82CC000FEDE6 /* main.swift in Sources */ = {isa = PBXBuildFile; fileRef = 64BCB3EE1D0F82CC000FEDE6 /* main.swift */; };
/* End PBXBuildFile section */

/* Begin PBXCopyFilesBuildPhase section */
		64BCB3E91D0F82CC000FEDE6 /* CopyFiles */ = {
			isa = PBXCopyFilesBuildPhase;
			buildActionMask = 2147483647;
			dstPath = /usr/share/man/man1/;
			dstSubfolderSpec = 0;
			files = (
			);
			runOnlyForDeploymentPostprocessing = 1;
		};
/* End PBXCopyFilesBuildPhase section */

/* Begin PBXFileReference section */
		64BCB3EB1D0F82CC000FEDE6 /* MismismatchNeuralNetwork */ = {isa = PBXFileReference; explicitFileType = "compiled.mach-o.executable"; includeInIndex = 0; path = MismismatchNeuralNetwork; sourceTree = BUILT_PRODUCTS_DIR; };
		64BCB3EE1D0F82CC000FEDE6 /* main.swift */ = {isa = PBXFileReference; lastKnownFileType = sourcecode.swift; path = main.swift; sourceTree = "<group>"; };
/* End PBXFileReference section */

/* Begin PBXFrameworksBuildPhase section */
		64BCB3E81D0F82CC000FEDE6 /* Frameworks */ = {
			isa = PBXFrameworksBuildPhase;
			buildActionMask = 2147483647;
			files = (
			);
			runOnlyForDeploymentPostprocessing = 0;
		};
/* End PBXFrameworksBuildPhase section */

/* Begin PBXGroup section */
		64BCB3E21D0F82CC000FEDE6 = {
			isa = PBXGroup;
			children = (
				64BCB3ED1D0F82CC000FEDE6 /* MismismatchNeuralNetwork */,
				64BCB3EC1D0F82CC000FEDE6 /* Products */,
			);
			sourceTree = "<group>";
		};
		64BCB3EC1D0F82CC000FEDE6 /* Products */ = {
			isa = PBXGroup;
			children = (
				64BCB3EB1D0F82CC000FEDE6 /* MismismatchNeuralNetwork */,
			);
			name = Products;
			sourceTree = "<group>";
		};
		64BCB3ED1D0F82CC000FEDE6 /* MismismatchNeuralNetwork */ = {
			isa = PBXGroup;
			children = (
				64BCB3EE1D0F82CC000FEDE6 /* main.swift */,
			);
			path = MismismatchNeuralNetwork;
			sourceTree = "<group>";
		};
/* End PBXGroup section */

/* Begin PBXNativeTarget section */
		64BCB3EA1D0F82CC000FEDE6 /* MismismatchNeuralNetwork */ = {
			isa = PBXNativeTarget;
			buildConfigurationList = 64BCB3F21D0F82CC000FEDE6 /* Build configuration list for PBXNativeTarget "MismismatchNeuralNetwork" */;
			buildPhases = (
				64BCB3E71D0F82CC000FEDE6 /* Sources */,
				64BCB3E81D0F82CC000FEDE6 /* Frameworks */,
				64BCB3E91D0F82CC000FEDE6 /* CopyFiles */,
			);
			buildRules = (
			);
			dependencies = (
			);
			name = MismismatchNeuralNetwork;
			productName = MismismatchNeuralNetwork;
			productReference = 64BCB3EB1D0F82CC000FEDE6 /* MismismatchNeuralNetwork */;
			productType = "com.apple.product-type.tool";
		};
/* End PBXNativeTarget section */

/* Begin PBXProject section */
		64BCB3E31D0F82CC000FEDE6 /* Project object */ = {
			isa = PBXProject;
			attributes = {
				LastSwiftUpdateCheck = 0730;
				LastUpgradeCheck = 0730;
				ORGANIZATIONNAME = "Win Myo Htet";
				TargetAttributes = {
					64BCB3EA1D0F82CC000FEDE6 = {
						CreatedOnToolsVersion = 7.3.1;
					};
				};
			};
			buildConfigurationList = 64BCB3E61D0F82CC000FEDE6 /* Build configuration list for PBXProject "MismismatchNeuralNetwork" */;
			compatibilityVersion = "Xcode 3.2";
			developmentRegion = English;
			hasScannedForEncodings = 0;
			knownRegions = (
				en,
			);
			mainGroup = 64BCB3E21D0F82CC000FEDE6;
			productRefGroup = 64BCB3EC1D0F82CC000FEDE6 /* Products */;
			projectDirPath = "";
			projectRoot = "";
			targets = (
				64BCB3EA1D0F82CC000FEDE6 /* MismismatchNeuralNetwork */,
			);
		};
/* End PBXProject section */

/* Begin PBXSourcesBuildPhase section */
		64BCB3E71D0F82CC000FEDE6 /* Sources */ = {
			isa = PBXSourcesBuildPhase;
			buildActionMask = 2147483647;
			files = (
				64BCB3EF1D0F82CC000FEDE6 /* main.swift in Sources */,
			);
			runOnlyForDeploymentPostprocessing = 0;
		};
/* End PBXSourcesBuildPhase section */

/* Begin XCBuildConfiguration section */
		64BCB3F01D0F82CC000FEDE6 /* Debug */ = {
			isa = XCBuildConfiguration;
			buildSettings = {
				ALWAYS_SEARCH_USER_PATHS = NO;
				CLANG_ANALYZER_NONNULL = YES;
				CLANG_CXX_LANGUAGE_STANDARD = "gnu++0x";
				CLANG_CXX_LIBRARY = "libc++";
				CLANG_ENABLE_MODULES = YES;
				CLANG_ENABLE_OBJC_ARC = YES;
				CLANG_WARN_BOOL_CONVERSION = YES;
				CLANG_WARN_CONSTANT_CONVERSION = YES;
				CLANG_WARN_DIRECT_OBJC_ISA_USAGE = YES_ERROR;
				CLANG_WARN_EMPTY_BODY = YES;
				CLANG_WARN_ENUM_CONVERSION = YES;
				CLANG_WARN_INT_CONVERSION = YES;
				CLANG_WARN_OBJC_ROOT_CLASS = YES_ERROR;
				CLANG_WARN_UNREACHABLE_CODE = YES;
				CLANG_WARN__DUPLICATE_METHOD_MATCH = YES;
				CODE_SIGN_IDENTITY = "-";
				COPY_PHASE_STRIP = NO;
				DEBUG_INFORMATION_FORMAT = dwarf;
				ENABLE_STRICT_OBJC_MSGSEND = YES;
				ENABLE_TESTABILITY = YES;
				GCC_C_LANGUAGE_STANDARD = gnu99;
				GCC_DYNAMIC_NO_PIC = NO;
				GCC_NO_COMMON_BLOCKS = YES;
				GCC_OPTIMIZATION_LEVEL = 0;
				GCC_PREPROCESSOR_DEFINITIONS = (
					"DEBUG=1",
					"$(inherited)",
				);
				GCC_WARN_64_TO_32_BIT_CONVERSION = YES;
				GCC_WARN_ABOUT_RETURN_TYPE = YES_ERROR;
				GCC_WARN_UNDECLARED_SELECTOR = YES;
				GCC_WARN_UNINITIALIZED_AUTOS = YES_AGGRESSIVE;
				GCC_WARN_UNUSED_FUNCTION = YES;
				GCC_WARN_UNUSED_VARIABLE = YES;
				MACOSX_DEPLOYMENT_TARGET = 10.11;
				MTL_ENABLE_DEBUG_INFO = YES;
				ONLY_ACTIVE_ARCH = YES;
				SDKROOT = macosx;
				SWIFT_OPTIMIZATION_LEVEL = "-Onone";
			};
			name = Debug;
		};
		64BCB3F11D0F82CC000FEDE6 /* Release */ = {
			isa = XCBuildConfiguration;
			buildSettings = {
				ALWAYS_SEARCH_USER_PATHS = NO;
				CLANG_ANALYZER_NONNULL = YES;
				CLANG_CXX_LANGUAGE_STANDARD = "gnu++0x";
				CLANG_CXX_LIBRARY = "libc++";
				CLANG_ENABLE_MODULES = YES;
				CLANG_ENABLE_OBJC_ARC = YES;
				CLANG_WARN_BOOL_CONVERSION = YES;
				CLANG_WARN_CONSTANT_CONVERSION = YES;
				CLANG_WARN_DIRECT_OBJC_ISA_USAGE = YES_ERROR;
				CLANG_WARN_EMPTY_BODY = YES;
				CLANG_WARN_ENUM_CONVERSION = YES;
				CLANG_WARN_INT_CONVERSION = YES;
				CLANG_WARN_OBJC_ROOT_CLASS = YES_ERROR;
				CLANG_WARN_UNREACHABLE_CODE = YES;
				CLANG_WARN__DUPLICATE_METHOD_MATCH = YES;
				CODE_SIGN_IDENTITY = "-";
				COPY_PHASE_STRIP = NO;
				DEBUG_INFORMATION_FORMAT = "dwarf-with-dsym";
				ENABLE_NS_ASSERTIONS = NO;
				ENABLE_STRICT_OBJC_MSGSEND = YES;
				GCC_C_LANGUAGE_STANDARD = gnu99;
				GCC_NO_COMMON_BLOCKS = YES;
				GCC_WARN_64_TO_32_BIT_CONVERSION = YES;
				GCC_WARN_ABOUT_RETURN_TYPE = YES_ERROR;
				GCC_WARN_UNDECLARED_SELECTOR = YES;
				GCC_WARN_UNINITIALIZED_AUTOS = YES_AGGRESSIVE;
				GCC_WARN_UNUSED_FUNCTION = YES;
				GCC_WARN_UNUSED_VARIABLE = YES;
				MACOSX_DEPLOYMENT_TARGET = 10.11;
				MTL_ENABLE_DEBUG_INFO = NO;
				SDKROOT = macosx;
			};
			name = Release;
		};
		64BCB3F31D0F82CC000FEDE6 /* Debug */ = {
			isa = XCBuildConfiguration;
			buildSettings = {
				PRODUCT_NAME = "$(TARGET_NAME)";
			};
			name = Debug;
		};
		64BCB3F41D0F82CC000FEDE6 /* Release */ = {
			isa = XCBuildConfiguration;
			buildSettings = {
				PRODUCT_NAME = "$(TARGET_NAME)";
			};
			name = Release;
		};
/* End XCBuildConfiguration section */

/* Begin XCConfigurationList section */
		64BCB3E61D0F82CC000FEDE6 /* Build configuration list for PBXProject "MismismatchNeuralNetwork" */ = {
			isa = XCConfigurationList;
			buildConfigurations = (
				64BCB3F01D0F82CC000FEDE6 /* Debug */,
				64BCB3F11D0F82CC000FEDE6 /* Release */,
			);
			defaultConfigurationIsVisible = 0;
			defaultConfigurationName = Release;
		};
		64BCB3F21D0F82CC000FEDE6 /* Build configuration list for PBXNativeTarget "MismismatchNeuralNetwork" */ = {
			isa = XCConfigurationList;
			buildConfigurations = (
				64BCB3F31D0F82CC000FEDE6 /* Debug */,
				64BCB3F41D0F82CC000FEDE6 /* Release */,
			);
			defaultConfigurationIsVisible = 0;
		};
/* End XCConfigurationList section */
	};
	rootObject = 64BCB3E31D0F82CC000FEDE6 /* Project object */;
}
